
Microsoft Visual Studio Solution File, Format Version 12.00
# Visual Studio Version 17
VisualStudioVersion = 17.12.35527.113
MinimumVisualStudioVersion = 10.0.40219.1
Project("{FAE04EC0-301F-11D3-BF4B-00C04F79EFBC}") = "LibraryManagement.API", "LibraryManagement.API\LibraryManagement.API.csproj", "{2EE5759B-4F7F-403B-ACF6-F317DAF4604C}"
EndProject
Project("{FAE04EC0-301F-11D3-BF4B-00C04F79EFBC}") = "RepositoryContract", "RepositoryContract\RepositoryContract.csproj", "{74B468D4-0AD0-480F-9255-39D1E86E2D4B}"
EndProject
Project("{FAE04EC0-301F-11D3-BF4B-00C04F79EFBC}") = "Repositories", "Repositories\Repositories.csproj", "{D9A890E0-FBEB-4088-9EF1-E81CD74DB68C}"
EndProject
Project("{FAE04EC0-301F-11D3-BF4B-00C04F79EFBC}") = "Entities", "Entities\Entities.csproj", "{7FA7DEEB-F7B0-44E4-893B-9B23F132DA27}"
EndProject
Project("{FAE04EC0-301F-11D3-BF4B-00C04F79EFBC}") = "ServiceContract", "ServiceContract\ServiceContract.csproj", "{4A0FEE9D-2EF2-4AC3-B059-AB0D8E6136D5}"
EndProject
Project("{FAE04EC0-301F-11D3-BF4B-00C04F79EFBC}") = "Services", "Services\Services.csproj", "{FF299571-F1F0-4184-B712-A1AD802C6FAC}"
EndProject
Global
	GlobalSection(SolutionConfigurationPlatforms) = preSolution
		Debug|Any CPU = Debug|Any CPU
		Release|Any CPU = Release|Any CPU
	EndGlobalSection
	GlobalSection(ProjectConfigurationPlatforms) = postSolution
		{2EE5759B-4F7F-403B-ACF6-F317DAF4604C}.Debug|Any CPU.ActiveCfg = Debug|Any CPU
		{2EE5759B-4F7F-403B-ACF6-F317DAF4604C}.Debug|Any CPU.Build.0 = Debug|Any CPU
		{2EE5759B-4F7F-403B-ACF6-F317DAF4604C}.Release|Any CPU.ActiveCfg = Release|Any CPU
		{2EE5759B-4F7F-403B-ACF6-F317DAF4604C}.Release|Any CPU.Build.0 = Release|Any CPU
		{74B468D4-0AD0-480F-9255-39D1E86E2D4B}.Debug|Any CPU.ActiveCfg = Debug|Any CPU
		{74B468D4-0AD0-480F-9255-39D1E86E2D4B}.Debug|Any CPU.Build.0 = Debug|Any CPU
		{74B468D4-0AD0-480F-9255-39D1E86E2D4B}.Release|Any CPU.ActiveCfg = Release|Any CPU
		{74B468D4-0AD0-480F-9255-39D1E86E2D4B}.Release|Any CPU.Build.0 = Release|Any CPU
		{D9A890E0-FBEB-4088-9EF1-E81CD74DB68C}.Debug|Any CPU.ActiveCfg = Debug|Any CPU
		{D9A890E0-FBEB-4088-9EF1-E81CD74DB68C}.Debug|Any CPU.Build.0 = Debug|Any CPU
		{D9A890E0-FBEB-4088-9EF1-E81CD74DB68C}.Release|Any CPU.ActiveCfg = Release|Any CPU
		{D9A890E0-FBEB-4088-9EF1-E81CD74DB68C}.Release|Any CPU.Build.0 = Release|Any CPU
		{7FA7DEEB-F7B0-44E4-893B-9B23F132DA27}.Debug|Any CPU.ActiveCfg = Debug|Any CPU
		{7FA7DEEB-F7B0-44E4-893B-9B23F132DA27}.Debug|Any CPU.Build.0 = Debug|Any CPU
		{7FA7DEEB-F7B0-44E4-893B-9B23F132DA27}.Release|Any CPU.ActiveCfg = Release|Any CPU
		{7FA7DEEB-F7B0-44E4-893B-9B23F132DA27}.Release|Any CPU.Build.0 = Release|Any CPU
		{4A0FEE9D-2EF2-4AC3-B059-AB0D8E6136D5}.Debug|Any CPU.ActiveCfg = Debug|Any CPU
		{4A0FEE9D-2EF2-4AC3-B059-AB0D8E6136D5}.Debug|Any CPU.Build.0 = Debug|Any CPU
		{4A0FEE9D-2EF2-4AC3-B059-AB0D8E6136D5}.Release|Any CPU.ActiveCfg = Release|Any CPU
		{4A0FEE9D-2EF2-4AC3-B059-AB0D8E6136D5}.Release|Any CPU.Build.0 = Release|Any CPU
		{FF299571-F1F0-4184-B712-A1AD802C6FAC}.Debug|Any CPU.ActiveCfg = Debug|Any CPU
		{FF299571-F1F0-4184-B712-A1AD802C6FAC}.Debug|Any CPU.Build.0 = Debug|Any CPU
		{FF299571-F1F0-4184-B712-A1AD802C6FAC}.Release|Any CPU.ActiveCfg = Release|Any CPU
		{FF299571-F1F0-4184-B712-A1AD802C6FAC}.Release|Any CPU.Build.0 = Release|Any CPU
	EndGlobalSection
	GlobalSection(SolutionProperties) = preSolution
		HideSolutionNode = FALSE
	EndGlobalSection
	GlobalSection(ExtensibilityGlobals) = postSolution
		SolutionGuid = {3279B860-1EDA-4311-BC11-150E6BCA6E2E}
	EndGlobalSection
EndGlobal
